
Microsoft Visual Studio Solution File, Format Version 12.00
# Visual Studio Version 16
VisualStudioVersion = 16.0.34902.97
MinimumVisualStudioVersion = 10.0.40219.1
Project("{FAE04EC0-301F-11D3-BF4B-00C04F79EFBC}") = "Introduction_ADO_net", "Introduction_ADO_net\Introduction_ADO_net.csproj", "{60153B18-E2BD-4A3B-AA78-E08209D4C33A}"
EndProject
Project("{FAE04EC0-301F-11D3-BF4B-00C04F79EFBC}") = "EF.CodeFirst", "EF.CodeFirst\EF.CodeFirst.csproj", "{A273D8F9-0F64-427E-B267-E6AE0646D3D6}"
EndProject
Project("{FAE04EC0-301F-11D3-BF4B-00C04F79EFBC}") = "Homework_1", "Homework_1\Homework_1.csproj", "{974C962C-2B20-4DA3-BBB5-72E05A5C80B9}"
EndProject
Project("{FAE04EC0-301F-11D3-BF4B-00C04F79EFBC}") = "Stored_procedure", "ConsoleApp2\Stored_procedure.csproj", "{B4CE7007-FE1D-4D63-9D4B-BE58B63C3B3A}"
EndProject
Project("{FAE04EC0-301F-11D3-BF4B-00C04F79EFBC}") = "EF.ModelFirst", "EF.ModelFirst\EF.ModelFirst.csproj", "{FD4B2CE0-4231-463E-BC94-ED1EFBF11199}"
EndProject
Project("{FAE04EC0-301F-11D3-BF4B-00C04F79EFBC}") = "Homework_2", "Homework_2\Homework_2.csproj", "{B883336D-8566-41F8-92F8-4A3E64B385E5}"
EndProject
Project("{FAE04EC0-301F-11D3-BF4B-00C04F79EFBC}") = "Exam", "Test_CodeFirst\Exam.csproj", "{A6972744-9881-4C09-96FE-61532679D590}"
EndProject
Project("{FAE04EC0-301F-11D3-BF4B-00C04F79EFBC}") = "CodeFirst_test", "CodeFirst_test\CodeFirst_test.csproj", "{ACEEC25E-8C40-4F37-A548-C04DF4547ABD}"
EndProject
Project("{FAE04EC0-301F-11D3-BF4B-00C04F79EFBC}") = "Data_Adapter", "Data_Adapter\Data_Adapter.csproj", "{573473E4-11A8-4A87-A889-E8BB1DB5F937}"
EndProject
Project("{FAE04EC0-301F-11D3-BF4B-00C04F79EFBC}") = "Form_Academy", "Form_Academy\Form_Academy.csproj", "{F13298AC-CEA1-48AC-B5C2-E86B86D97435}"
EndProject
Project("{FAE04EC0-301F-11D3-BF4B-00C04F79EFBC}") = "Academy_picture", "Academy_picture\Academy_picture.csproj", "{B1156851-2B1E-483C-9071-16A5A1BDF866}"
EndProject
Project("{FAE04EC0-301F-11D3-BF4B-00C04F79EFBC}") = "My_DataLayer", "My_DataLayer\My_DataLayer.csproj", "{40FDB32B-4160-4E84-8FBF-09D770E037EA}"
EndProject
Project("{FAE04EC0-301F-11D3-BF4B-00C04F79EFBC}") = "Linq_to_SQL", "Linq_to_SQL\Linq_to_SQL.csproj", "{A7BDB6E4-B44F-4212-B223-186DA9261BB9}"
EndProject
Project("{FAE04EC0-301F-11D3-BF4B-00C04F79EFBC}") = "Pictures_for_events", "Pictures_for_events\Pictures_for_events.csproj", "{8C75AADD-E2CF-4E4E-BE50-98A7B35424B2}"
EndProject
Global
	GlobalSection(SolutionConfigurationPlatforms) = preSolution
		Debug|Any CPU = Debug|Any CPU
		Release|Any CPU = Release|Any CPU
	EndGlobalSection
	GlobalSection(ProjectConfigurationPlatforms) = postSolution
		{60153B18-E2BD-4A3B-AA78-E08209D4C33A}.Debug|Any CPU.ActiveCfg = Debug|Any CPU
		{60153B18-E2BD-4A3B-AA78-E08209D4C33A}.Debug|Any CPU.Build.0 = Debug|Any CPU
		{60153B18-E2BD-4A3B-AA78-E08209D4C33A}.Release|Any CPU.ActiveCfg = Release|Any CPU
		{60153B18-E2BD-4A3B-AA78-E08209D4C33A}.Release|Any CPU.Build.0 = Release|Any CPU
		{A273D8F9-0F64-427E-B267-E6AE0646D3D6}.Debug|Any CPU.ActiveCfg = Debug|Any CPU
		{A273D8F9-0F64-427E-B267-E6AE0646D3D6}.Debug|Any CPU.Build.0 = Debug|Any CPU
		{A273D8F9-0F64-427E-B267-E6AE0646D3D6}.Release|Any CPU.ActiveCfg = Release|Any CPU
		{A273D8F9-0F64-427E-B267-E6AE0646D3D6}.Release|Any CPU.Build.0 = Release|Any CPU
		{974C962C-2B20-4DA3-BBB5-72E05A5C80B9}.Debug|Any CPU.ActiveCfg = Debug|Any CPU
		{974C962C-2B20-4DA3-BBB5-72E05A5C80B9}.Debug|Any CPU.Build.0 = Debug|Any CPU
		{974C962C-2B20-4DA3-BBB5-72E05A5C80B9}.Release|Any CPU.ActiveCfg = Release|Any CPU
		{974C962C-2B20-4DA3-BBB5-72E05A5C80B9}.Release|Any CPU.Build.0 = Release|Any CPU
		{B4CE7007-FE1D-4D63-9D4B-BE58B63C3B3A}.Debug|Any CPU.ActiveCfg = Debug|Any CPU
		{B4CE7007-FE1D-4D63-9D4B-BE58B63C3B3A}.Debug|Any CPU.Build.0 = Debug|Any CPU
		{B4CE7007-FE1D-4D63-9D4B-BE58B63C3B3A}.Release|Any CPU.ActiveCfg = Release|Any CPU
		{B4CE7007-FE1D-4D63-9D4B-BE58B63C3B3A}.Release|Any CPU.Build.0 = Release|Any CPU
		{FD4B2CE0-4231-463E-BC94-ED1EFBF11199}.Debug|Any CPU.ActiveCfg = Debug|Any CPU
		{FD4B2CE0-4231-463E-BC94-ED1EFBF11199}.Debug|Any CPU.Build.0 = Debug|Any CPU
		{FD4B2CE0-4231-463E-BC94-ED1EFBF11199}.Release|Any CPU.ActiveCfg = Release|Any CPU
		{FD4B2CE0-4231-463E-BC94-ED1EFBF11199}.Release|Any CPU.Build.0 = Release|Any CPU
		{B883336D-8566-41F8-92F8-4A3E64B385E5}.Debug|Any CPU.ActiveCfg = Debug|Any CPU
		{B883336D-8566-41F8-92F8-4A3E64B385E5}.Debug|Any CPU.Build.0 = Debug|Any CPU
		{B883336D-8566-41F8-92F8-4A3E64B385E5}.Release|Any CPU.ActiveCfg = Release|Any CPU
		{B883336D-8566-41F8-92F8-4A3E64B385E5}.Release|Any CPU.Build.0 = Release|Any CPU
		{A6972744-9881-4C09-96FE-61532679D590}.Debug|Any CPU.ActiveCfg = Debug|Any CPU
		{A6972744-9881-4C09-96FE-61532679D590}.Debug|Any CPU.Build.0 = Debug|Any CPU
		{A6972744-9881-4C09-96FE-61532679D590}.Release|Any CPU.ActiveCfg = Release|Any CPU
		{A6972744-9881-4C09-96FE-61532679D590}.Release|Any CPU.Build.0 = Release|Any CPU
		{ACEEC25E-8C40-4F37-A548-C04DF4547ABD}.Debug|Any CPU.ActiveCfg = Debug|Any CPU
		{ACEEC25E-8C40-4F37-A548-C04DF4547ABD}.Debug|Any CPU.Build.0 = Debug|Any CPU
		{ACEEC25E-8C40-4F37-A548-C04DF4547ABD}.Release|Any CPU.ActiveCfg = Release|Any CPU
		{ACEEC25E-8C40-4F37-A548-C04DF4547ABD}.Release|Any CPU.Build.0 = Release|Any CPU
		{573473E4-11A8-4A87-A889-E8BB1DB5F937}.Debug|Any CPU.ActiveCfg = Debug|Any CPU
		{573473E4-11A8-4A87-A889-E8BB1DB5F937}.Debug|Any CPU.Build.0 = Debug|Any CPU
		{573473E4-11A8-4A87-A889-E8BB1DB5F937}.Release|Any CPU.ActiveCfg = Release|Any CPU
		{573473E4-11A8-4A87-A889-E8BB1DB5F937}.Release|Any CPU.Build.0 = Release|Any CPU
		{F13298AC-CEA1-48AC-B5C2-E86B86D97435}.Debug|Any CPU.ActiveCfg = Debug|Any CPU
		{F13298AC-CEA1-48AC-B5C2-E86B86D97435}.Debug|Any CPU.Build.0 = Debug|Any CPU
		{F13298AC-CEA1-48AC-B5C2-E86B86D97435}.Release|Any CPU.ActiveCfg = Release|Any CPU
		{F13298AC-CEA1-48AC-B5C2-E86B86D97435}.Release|Any CPU.Build.0 = Release|Any CPU
		{B1156851-2B1E-483C-9071-16A5A1BDF866}.Debug|Any CPU.ActiveCfg = Debug|Any CPU
		{B1156851-2B1E-483C-9071-16A5A1BDF866}.Debug|Any CPU.Build.0 = Debug|Any CPU
		{B1156851-2B1E-483C-9071-16A5A1BDF866}.Release|Any CPU.ActiveCfg = Release|Any CPU
		{B1156851-2B1E-483C-9071-16A5A1BDF866}.Release|Any CPU.Build.0 = Release|Any CPU
		{40FDB32B-4160-4E84-8FBF-09D770E037EA}.Debug|Any CPU.ActiveCfg = Debug|Any CPU
		{40FDB32B-4160-4E84-8FBF-09D770E037EA}.Debug|Any CPU.Build.0 = Debug|Any CPU
		{40FDB32B-4160-4E84-8FBF-09D770E037EA}.Release|Any CPU.ActiveCfg = Release|Any CPU
		{40FDB32B-4160-4E84-8FBF-09D770E037EA}.Release|Any CPU.Build.0 = Release|Any CPU
		{A7BDB6E4-B44F-4212-B223-186DA9261BB9}.Debug|Any CPU.ActiveCfg = Debug|Any CPU
		{A7BDB6E4-B44F-4212-B223-186DA9261BB9}.Debug|Any CPU.Build.0 = Debug|Any CPU
		{A7BDB6E4-B44F-4212-B223-186DA9261BB9}.Release|Any CPU.ActiveCfg = Release|Any CPU
		{A7BDB6E4-B44F-4212-B223-186DA9261BB9}.Release|Any CPU.Build.0 = Release|Any CPU
		{8C75AADD-E2CF-4E4E-BE50-98A7B35424B2}.Debug|Any CPU.ActiveCfg = Debug|Any CPU
		{8C75AADD-E2CF-4E4E-BE50-98A7B35424B2}.Debug|Any CPU.Build.0 = Debug|Any CPU
		{8C75AADD-E2CF-4E4E-BE50-98A7B35424B2}.Release|Any CPU.ActiveCfg = Release|Any CPU
		{8C75AADD-E2CF-4E4E-BE50-98A7B35424B2}.Release|Any CPU.Build.0 = Release|Any CPU
	EndGlobalSection
	GlobalSection(SolutionProperties) = preSolution
		HideSolutionNode = FALSE
	EndGlobalSection
	GlobalSection(ExtensibilityGlobals) = postSolution
		SolutionGuid = {2AD6102E-721B-4D22-8665-F44C4D9CFF99}
	EndGlobalSection
EndGlobal
